
Microsoft Visual Studio Solution File, Format Version 12.00
# Visual Studio Version 16
VisualStudioVersion = 16.0.29001.49
MinimumVisualStudioVersion = 10.0.40219.1
Project("{9A19103F-16F7-4668-BE54-9A1E7A4F7556}") = "NodeGames.UI", "NodeGames.UI.csproj", "{054DC135-68BC-4E95-85A7-86D294A373FC}"
EndProject
Global
	GlobalSection(SolutionConfigurationPlatforms) = preSolution
		Debug|Any CPU = Debug|Any CPU
		Release|Any CPU = Release|Any CPU
	EndGlobalSection
	GlobalSection(ProjectConfigurationPlatforms) = postSolution
		{054DC135-68BC-4E95-85A7-86D294A373FC}.Debug|Any CPU.ActiveCfg = Debug|Any CPU
		{054DC135-68BC-4E95-85A7-86D294A373FC}.Debug|Any CPU.Build.0 = Debug|Any CPU
		{054DC135-68BC-4E95-85A7-86D294A373FC}.Release|Any CPU.ActiveCfg = Release|Any CPU
		{054DC135-68BC-4E95-85A7-86D294A373FC}.Release|Any CPU.Build.0 = Release|Any CPU
	EndGlobalSection
	GlobalSection(SolutionProperties) = preSolution
		HideSolutionNode = FALSE
	EndGlobalSection
	GlobalSection(ExtensibilityGlobals) = postSolution
		SolutionGuid = {4649A794-58C2-4EB7-B484-92B314921AE3}
	EndGlobalSection
EndGlobal
